<?xml version="1.0" encoding="UTF-8" standalone="yes" ?>
<CodeBlocks_project_file>
	<FileVersion major="1" minor="6" />
	<Project>
		<Option title="EAXReverb" />
		<Option pch_mode="2" />
		<Option compiler="gcc" />
		<Build>
			<Target title="Debug">
				<Option output="bin/Debug/EAXReverb" prefix_auto="1" extension_auto="1" />
				<Option object_output="obj/Debug/" />
				<Option type="3" />
				<Option compiler="gcc" />
				<Option createDefFile="1" />
				<Option createStaticLib="1" />
				<Compiler>
					<Add option="-Wall" />
					<Add option="-DBUILD_DLL" />
					<Add option="-g" />
				</Compiler>
				<Linker>
					<Add library="user32" />
				</Linker>
			</Target>
			<Target title="Release">
				<Option output="bin/Release/EAXReverb" prefix_auto="1" extension_auto="1" />
				<Option object_output="obj/Release/" />
				<Option type="3" />
				<Option compiler="gcc" />
				<Option createDefFile="1" />
				<Option createStaticLib="1" />
				<Compiler>
					<Add option="-Wall" />
					<Add option="-DBUILD_DLL" />
					<Add option="-O2" />
				</Compiler>
				<Linker>
					<Add option="-s" />
					<Add library="user32" />
				</Linker>
			</Target>
		</Build>
		<Compiler>
			<Add directory="../VST3_SDK" />
		</Compiler>
		<Unit filename="../VST3_SDK/public.sdk/source/vst2.x/audioeffect.cpp" />
		<Unit filename="../VST3_SDK/public.sdk/source/vst2.x/audioeffectx.cpp" />
		<Unit filename="../VST3_SDK/public.sdk/source/vst2.x/vstplugmain.cpp" />
		<Unit filename="../res/EAXReverb.rc">
			<Option compilerVar="WINDRES" />
		</Unit>
		<Unit filename="../src/ReverbEffect.cpp" />
		<Unit filename="../src/eaxreverb.cpp" />
		<Unit filename="../src/bitcrush.cpp" />
		<Unit filename="../src/main.cpp" />
		<Extensions>
			<code_completion />
			<envvars />
			<debugger />
			<lib_finder disable_auto="1" />
		</Extensions>
	</Project>
</CodeBlocks_project_file>
